
Microsoft Visual Studio Solution File, Format Version 12.00
# Visual Studio Version 16
VisualStudioVersion = 16.0.29326.143
MinimumVisualStudioVersion = 10.0.40219.1
Project("{FAE04EC0-301F-11D3-BF4B-00C04F79EFBC}") = "Library", "Library\Library.csproj", "{4F2230EB-DADF-46E6-868D-B727C3FD52E5}"
EndProject
Project("{FAE04EC0-301F-11D3-BF4B-00C04F79EFBC}") = "Application", "Application\Application.csproj", "{83AB486F-9859-48EB-870C-57745C16A232}"
EndProject
Project("{54435603-DBB4-11D2-8724-00A0C9A8B90C}") = "Setup", "Setup\Setup.vdproj", "{73E32342-532C-40C8-81FF-1EB4B34E5B3F}"
EndProject
Global
	GlobalSection(SolutionConfigurationPlatforms) = preSolution
		Debug|Any CPU = Debug|Any CPU
		Release|Any CPU = Release|Any CPU
	EndGlobalSection
	GlobalSection(ProjectConfigurationPlatforms) = postSolution
		{4F2230EB-DADF-46E6-868D-B727C3FD52E5}.Debug|Any CPU.ActiveCfg = Debug|Any CPU
		{4F2230EB-DADF-46E6-868D-B727C3FD52E5}.Debug|Any CPU.Build.0 = Debug|Any CPU
		{4F2230EB-DADF-46E6-868D-B727C3FD52E5}.Release|Any CPU.ActiveCfg = Release|Any CPU
		{4F2230EB-DADF-46E6-868D-B727C3FD52E5}.Release|Any CPU.Build.0 = Release|Any CPU
		{83AB486F-9859-48EB-870C-57745C16A232}.Debug|Any CPU.ActiveCfg = Debug|Any CPU
		{83AB486F-9859-48EB-870C-57745C16A232}.Debug|Any CPU.Build.0 = Debug|Any CPU
		{83AB486F-9859-48EB-870C-57745C16A232}.Release|Any CPU.ActiveCfg = Release|Any CPU
		{83AB486F-9859-48EB-870C-57745C16A232}.Release|Any CPU.Build.0 = Release|Any CPU
		{73E32342-532C-40C8-81FF-1EB4B34E5B3F}.Debug|Any CPU.ActiveCfg = Debug
		{73E32342-532C-40C8-81FF-1EB4B34E5B3F}.Debug|Any CPU.Build.0 = Debug
		{73E32342-532C-40C8-81FF-1EB4B34E5B3F}.Release|Any CPU.ActiveCfg = Release
		{73E32342-532C-40C8-81FF-1EB4B34E5B3F}.Release|Any CPU.Build.0 = Release
	EndGlobalSection
	GlobalSection(SolutionProperties) = preSolution
		HideSolutionNode = FALSE
	EndGlobalSection
	GlobalSection(ExtensibilityGlobals) = postSolution
		SolutionGuid = {DB5FEC7D-E4D3-4403-95B6-2BD8DA4D501D}
	EndGlobalSection
EndGlobal
