
Microsoft Visual Studio Solution File, Format Version 12.00
# Visual Studio Version 17
VisualStudioVersion = 17.2.32630.192
MinimumVisualStudioVersion = 10.0.40219.1
Project("{9A19103F-16F7-4668-BE54-9A1E7A4F7556}") = "Library", "Library\Library.csproj", "{4F2230EB-DADF-46E6-868D-B727C3FD52E5}"
EndProject
Project("{2150E333-8FDC-42A3-9474-1A3956D46DE8}") = "Solution Items", "Solution Items", "{1A0773A3-30A9-4591-BF25-E897A2938973}"
	ProjectSection(SolutionItems) = preProject
		.editorconfig = .editorconfig
	EndProjectSection
EndProject
Project("{9A19103F-16F7-4668-BE54-9A1E7A4F7556}") = "ManagedDHCPService", "ManagedDHCPService\ManagedDHCPService.csproj", "{091C24A1-0050-4929-9F62-E6A2FBE039E1}"
EndProject
Project("{FAE04EC0-301F-11D3-BF4B-00C04F79EFBC}") = "Tests", "Tests\Tests.csproj", "{F5EADB5D-D31F-43A0-A073-C38FA534D0CB}"
EndProject
Global
	GlobalSection(SolutionConfigurationPlatforms) = preSolution
		Debug|Any CPU = Debug|Any CPU
		Release|Any CPU = Release|Any CPU
	EndGlobalSection
	GlobalSection(ProjectConfigurationPlatforms) = postSolution
		{4F2230EB-DADF-46E6-868D-B727C3FD52E5}.Debug|Any CPU.ActiveCfg = Debug|Any CPU
		{4F2230EB-DADF-46E6-868D-B727C3FD52E5}.Debug|Any CPU.Build.0 = Debug|Any CPU
		{4F2230EB-DADF-46E6-868D-B727C3FD52E5}.Release|Any CPU.ActiveCfg = Release|Any CPU
		{4F2230EB-DADF-46E6-868D-B727C3FD52E5}.Release|Any CPU.Build.0 = Release|Any CPU
		{091C24A1-0050-4929-9F62-E6A2FBE039E1}.Debug|Any CPU.ActiveCfg = Debug|Any CPU
		{091C24A1-0050-4929-9F62-E6A2FBE039E1}.Debug|Any CPU.Build.0 = Debug|Any CPU
		{091C24A1-0050-4929-9F62-E6A2FBE039E1}.Release|Any CPU.ActiveCfg = Release|Any CPU
		{091C24A1-0050-4929-9F62-E6A2FBE039E1}.Release|Any CPU.Build.0 = Release|Any CPU
		{F5EADB5D-D31F-43A0-A073-C38FA534D0CB}.Debug|Any CPU.ActiveCfg = Debug|Any CPU
		{F5EADB5D-D31F-43A0-A073-C38FA534D0CB}.Debug|Any CPU.Build.0 = Debug|Any CPU
		{F5EADB5D-D31F-43A0-A073-C38FA534D0CB}.Release|Any CPU.ActiveCfg = Release|Any CPU
		{F5EADB5D-D31F-43A0-A073-C38FA534D0CB}.Release|Any CPU.Build.0 = Release|Any CPU
	EndGlobalSection
	GlobalSection(SolutionProperties) = preSolution
		HideSolutionNode = FALSE
	EndGlobalSection
	GlobalSection(ExtensibilityGlobals) = postSolution
		SolutionGuid = {DB5FEC7D-E4D3-4403-95B6-2BD8DA4D501D}
	EndGlobalSection
EndGlobal
